// !$*UTF8*$!
{
	archiveVersion = 1;
	classes = {
	};
	objectVersion = 51;
	objects = {

/* Begin PBXBuildFile section */
		B607B08B6CEAC09EA2232E97 /* Pods_paone.framework in Frameworks */ = {isa = PBXBuildFile; fileRef = 8EFCEA5B44E9E13D55EEAB03 /* Pods_paone.framework */; };
		C803A96E26E97DE400B7A585 /* MemoryGame.swift in Sources */ = {isa = PBXBuildFile; fileRef = C803A96D26E97DE400B7A585 /* MemoryGame.swift */; };
		C803A97026E97E0100B7A585 /* EmojiMemoryGame.swift in Sources */ = {isa = PBXBuildFile; fileRef = C803A96F26E97E0100B7A585 /* EmojiMemoryGame.swift */; };
		C88E13D026E975E800D622AF /* paoneApp.swift in Sources */ = {isa = PBXBuildFile; fileRef = C88E13CF26E975E800D622AF /* paoneApp.swift */; };
		C88E13D226E975E800D622AF /* EmojiMemoryGameView.swift in Sources */ = {isa = PBXBuildFile; fileRef = C88E13D126E975E800D622AF /* EmojiMemoryGameView.swift */; };
		C88E13D426E975EB00D622AF /* Assets.xcassets in Resources */ = {isa = PBXBuildFile; fileRef = C88E13D326E975EB00D622AF /* Assets.xcassets */; };
		C88E13D726E975EB00D622AF /* Preview Assets.xcassets in Resources */ = {isa = PBXBuildFile; fileRef = C88E13D626E975EB00D622AF /* Preview Assets.xcassets */; };
		D626CD0F26E97A1300F43205 /* GoogleService-Info.plist in Resources */ = {isa = PBXBuildFile; fileRef = D626CD0E26E97A1300F43205 /* GoogleService-Info.plist */; };
/* End PBXBuildFile section */

/* Begin PBXFileReference section */
		8EFCEA5B44E9E13D55EEAB03 /* Pods_paone.framework */ = {isa = PBXFileReference; explicitFileType = wrapper.framework; includeInIndex = 0; path = Pods_paone.framework; sourceTree = BUILT_PRODUCTS_DIR; };
		9B8893AC2ED3EEED1CB26D5D /* Pods-paone.debug.xcconfig */ = {isa = PBXFileReference; includeInIndex = 1; lastKnownFileType = text.xcconfig; name = "Pods-paone.debug.xcconfig"; path = "Target Support Files/Pods-paone/Pods-paone.debug.xcconfig"; sourceTree = "<group>"; };
		C803A96D26E97DE400B7A585 /* MemoryGame.swift */ = {isa = PBXFileReference; lastKnownFileType = sourcecode.swift; path = MemoryGame.swift; sourceTree = "<group>"; };
		C803A96F26E97E0100B7A585 /* EmojiMemoryGame.swift */ = {isa = PBXFileReference; lastKnownFileType = sourcecode.swift; path = EmojiMemoryGame.swift; sourceTree = "<group>"; };
		C88E13CC26E975E800D622AF /* paone.app */ = {isa = PBXFileReference; explicitFileType = wrapper.application; includeInIndex = 0; path = paone.app; sourceTree = BUILT_PRODUCTS_DIR; };
		C88E13CF26E975E800D622AF /* paoneApp.swift */ = {isa = PBXFileReference; lastKnownFileType = sourcecode.swift; path = paoneApp.swift; sourceTree = "<group>"; };
		C88E13D126E975E800D622AF /* EmojiMemoryGameView.swift */ = {isa = PBXFileReference; lastKnownFileType = sourcecode.swift; path = EmojiMemoryGameView.swift; sourceTree = "<group>"; };
		C88E13D326E975EB00D622AF /* Assets.xcassets */ = {isa = PBXFileReference; lastKnownFileType = folder.assetcatalog; path = Assets.xcassets; sourceTree = "<group>"; };
		C88E13D626E975EB00D622AF /* Preview Assets.xcassets */ = {isa = PBXFileReference; lastKnownFileType = folder.assetcatalog; path = "Preview Assets.xcassets"; sourceTree = "<group>"; };
		C88E13D826E975EB00D622AF /* Info.plist */ = {isa = PBXFileReference; lastKnownFileType = text.plist.xml; path = Info.plist; sourceTree = "<group>"; };
		D626CD0E26E97A1300F43205 /* GoogleService-Info.plist */ = {isa = PBXFileReference; fileEncoding = 4; lastKnownFileType = text.plist.xml; path = "GoogleService-Info.plist"; sourceTree = "<group>"; };
		EF60B1F3005BD7F663D4E390 /* Pods-paone.release.xcconfig */ = {isa = PBXFileReference; includeInIndex = 1; lastKnownFileType = text.xcconfig; name = "Pods-paone.release.xcconfig"; path = "Target Support Files/Pods-paone/Pods-paone.release.xcconfig"; sourceTree = "<group>"; };
/* End PBXFileReference section */

/* Begin PBXFrameworksBuildPhase section */
		C88E13C926E975E800D622AF /* Frameworks */ = {
			isa = PBXFrameworksBuildPhase;
			buildActionMask = 2147483647;
			files = (
				B607B08B6CEAC09EA2232E97 /* Pods_paone.framework in Frameworks */,
			);
			runOnlyForDeploymentPostprocessing = 0;
		};
/* End PBXFrameworksBuildPhase section */

/* Begin PBXGroup section */
		5F02076C0027FBF5724AB37A /* Pods */ = {
			isa = PBXGroup;
			children = (
				9B8893AC2ED3EEED1CB26D5D /* Pods-paone.debug.xcconfig */,
				EF60B1F3005BD7F663D4E390 /* Pods-paone.release.xcconfig */,
			);
			path = Pods;
			sourceTree = "<group>";
		};
		699AE0F47104FEC630A216D0 /* Frameworks */ = {
			isa = PBXGroup;
			children = (
				8EFCEA5B44E9E13D55EEAB03 /* Pods_paone.framework */,
			);
			name = Frameworks;
			sourceTree = "<group>";
		};
		C88E13C326E975E800D622AF = {
			isa = PBXGroup;
			children = (
				C88E13CE26E975E800D622AF /* paone */,
				C88E13CD26E975E800D622AF /* Products */,
				5F02076C0027FBF5724AB37A /* Pods */,
				699AE0F47104FEC630A216D0 /* Frameworks */,
			);
			sourceTree = "<group>";
		};
		C88E13CD26E975E800D622AF /* Products */ = {
			isa = PBXGroup;
			children = (
				C88E13CC26E975E800D622AF /* paone.app */,
			);
			name = Products;
			sourceTree = "<group>";
		};
		C88E13CE26E975E800D622AF /* paone */ = {
			isa = PBXGroup;
			children = (
				C88E13CF26E975E800D622AF /* paoneApp.swift */,
				D626CD0E26E97A1300F43205 /* GoogleService-Info.plist */,
				C88E13D126E975E800D622AF /* EmojiMemoryGameView.swift */,
				C803A96D26E97DE400B7A585 /* MemoryGame.swift */,
				C803A96F26E97E0100B7A585 /* EmojiMemoryGame.swift */,
				C88E13D326E975EB00D622AF /* Assets.xcassets */,
				C88E13D826E975EB00D622AF /* Info.plist */,
				C88E13D526E975EB00D622AF /* Preview Content */,
			);
			path = paone;
			sourceTree = "<group>";
		};
		C88E13D526E975EB00D622AF /* Preview Content */ = {
			isa = PBXGroup;
			children = (
				C88E13D626E975EB00D622AF /* Preview Assets.xcassets */,
			);
			path = "Preview Content";
			sourceTree = "<group>";
		};
/* End PBXGroup section */

/* Begin PBXNativeTarget section */
		C88E13CB26E975E800D622AF /* paone */ = {
			isa = PBXNativeTarget;
			buildConfigurationList = C88E13DB26E975EB00D622AF /* Build configuration list for PBXNativeTarget "paone" */;
			buildPhases = (
				0DAD4761EDC8F9064F9CB3DD /* [CP] Check Pods Manifest.lock */,
				C88E13C826E975E800D622AF /* Sources */,
				C88E13C926E975E800D622AF /* Frameworks */,
				C88E13CA26E975E800D622AF /* Resources */,
				F995CDEA3D07B2C283077D97 /* [CP] Embed Pods Frameworks */,
			);
			buildRules = (
			);
			dependencies = (
			);
			name = paone;
			productName = paone;
			productReference = C88E13CC26E975E800D622AF /* paone.app */;
			productType = "com.apple.product-type.application";
		};
/* End PBXNativeTarget section */

/* Begin PBXProject section */
		C88E13C426E975E800D622AF /* Project object */ = {
			isa = PBXProject;
			attributes = {
				LastSwiftUpdateCheck = 1250;
				LastUpgradeCheck = 1250;
				TargetAttributes = {
					C88E13CB26E975E800D622AF = {
						CreatedOnToolsVersion = 12.5.1;
					};
				};
			};
			buildConfigurationList = C88E13C726E975E800D622AF /* Build configuration list for PBXProject "paone" */;
			compatibilityVersion = "Xcode 9.3";
			developmentRegion = en;
			hasScannedForEncodings = 0;
			knownRegions = (
				en,
				Base,
			);
			mainGroup = C88E13C326E975E800D622AF;
			productRefGroup = C88E13CD26E975E800D622AF /* Products */;
			projectDirPath = "";
			projectRoot = "";
			targets = (
				C88E13CB26E975E800D622AF /* paone */,
			);
		};
/* End PBXProject section */

/* Begin PBXResourcesBuildPhase section */
		C88E13CA26E975E800D622AF /* Resources */ = {
			isa = PBXResourcesBuildPhase;
			buildActionMask = 2147483647;
			files = (
				C88E13D726E975EB00D622AF /* Preview Assets.xcassets in Resources */,
				C88E13D426E975EB00D622AF /* Assets.xcassets in Resources */,
				D626CD0F26E97A1300F43205 /* GoogleService-Info.plist in Resources */,
			);
			runOnlyForDeploymentPostprocessing = 0;
		};
/* End PBXResourcesBuildPhase section */

/* Begin PBXShellScriptBuildPhase section */
		0DAD4761EDC8F9064F9CB3DD /* [CP] Check Pods Manifest.lock */ = {
			isa = PBXShellScriptBuildPhase;
			buildActionMask = 2147483647;
			files = (
			);
			inputFileListPaths = (
			);
			inputPaths = (
				"${PODS_PODFILE_DIR_PATH}/Podfile.lock",
				"${PODS_ROOT}/Manifest.lock",
			);
			name = "[CP] Check Pods Manifest.lock";
			outputFileListPaths = (
			);
			outputPaths = (
				"$(DERIVED_FILE_DIR)/Pods-paone-checkManifestLockResult.txt",
			);
			runOnlyForDeploymentPostprocessing = 0;
			shellPath = /bin/sh;
			shellScript = "diff \"${PODS_PODFILE_DIR_PATH}/Podfile.lock\" \"${PODS_ROOT}/Manifest.lock\" > /dev/null\nif [ $? != 0 ] ; then\n    # print error to STDERR\n    echo \"error: The sandbox is not in sync with the Podfile.lock. Run 'pod install' or update your CocoaPods installation.\" >&2\n    exit 1\nfi\n# This output is used by Xcode 'outputs' to avoid re-running this script phase.\necho \"SUCCESS\" > \"${SCRIPT_OUTPUT_FILE_0}\"\n";
			showEnvVarsInLog = 0;
		};
		F995CDEA3D07B2C283077D97 /* [CP] Embed Pods Frameworks */ = {
			isa = PBXShellScriptBuildPhase;
			buildActionMask = 2147483647;
			files = (
			);
			inputFileListPaths = (
				"${PODS_ROOT}/Target Support Files/Pods-paone/Pods-paone-frameworks-${CONFIGURATION}-input-files.xcfilelist",
			);
			name = "[CP] Embed Pods Frameworks";
			outputFileListPaths = (
				"${PODS_ROOT}/Target Support Files/Pods-paone/Pods-paone-frameworks-${CONFIGURATION}-output-files.xcfilelist",
			);
			runOnlyForDeploymentPostprocessing = 0;
			shellPath = /bin/sh;
			shellScript = "\"${PODS_ROOT}/Target Support Files/Pods-paone/Pods-paone-frameworks.sh\"\n";
			showEnvVarsInLog = 0;
		};
/* End PBXShellScriptBuildPhase section */

/* Begin PBXSourcesBuildPhase section */
		C88E13C826E975E800D622AF /* Sources */ = {
			isa = PBXSourcesBuildPhase;
			buildActionMask = 2147483647;
			files = (
				C803A96E26E97DE400B7A585 /* MemoryGame.swift in Sources */,
				C88E13D226E975E800D622AF /* EmojiMemoryGameView.swift in Sources */,
				C88E13D026E975E800D622AF /* paoneApp.swift in Sources */,
				C803A97026E97E0100B7A585 /* EmojiMemoryGame.swift in Sources */,
			);
			runOnlyForDeploymentPostprocessing = 0;
		};
/* End PBXSourcesBuildPhase section */

/* Begin XCBuildConfiguration section */
		C88E13D926E975EB00D622AF /* Debug */ = {
			isa = XCBuildConfiguration;
			buildSettings = {
				ALWAYS_SEARCH_USER_PATHS = NO;
				CLANG_ANALYZER_NONNULL = YES;
				CLANG_ANALYZER_NUMBER_OBJECT_CONVERSION = YES_AGGRESSIVE;
				CLANG_CXX_LANGUAGE_STANDARD = "gnu++14";
				CLANG_CXX_LIBRARY = "libc++";
				CLANG_ENABLE_MODULES = YES;
				CLANG_ENABLE_OBJC_ARC = YES;
				CLANG_ENABLE_OBJC_WEAK = YES;
				CLANG_WARN_BLOCK_CAPTURE_AUTORELEASING = YES;
				CLANG_WARN_BOOL_CONVERSION = YES;
				CLANG_WARN_COMMA = YES;
				CLANG_WARN_CONSTANT_CONVERSION = YES;
				CLANG_WARN_DEPRECATED_OBJC_IMPLEMENTATIONS = YES;
				CLANG_WARN_DIRECT_OBJC_ISA_USAGE = YES_ERROR;
				CLANG_WARN_DOCUMENTATION_COMMENTS = YES;
				CLANG_WARN_EMPTY_BODY = YES;
				CLANG_WARN_ENUM_CONVERSION = YES;
				CLANG_WARN_INFINITE_RECURSION = YES;
				CLANG_WARN_INT_CONVERSION = YES;
				CLANG_WARN_NON_LITERAL_NULL_CONVERSION = YES;
				CLANG_WARN_OBJC_IMPLICIT_RETAIN_SELF = YES;
				CLANG_WARN_OBJC_LITERAL_CONVERSION = YES;
				CLANG_WARN_OBJC_ROOT_CLASS = YES_ERROR;
				CLANG_WARN_QUOTED_INCLUDE_IN_FRAMEWORK_HEADER = YES;
				CLANG_WARN_RANGE_LOOP_ANALYSIS = YES;
				CLANG_WARN_STRICT_PROTOTYPES = YES;
				CLANG_WARN_SUSPICIOUS_MOVE = YES;
				CLANG_WARN_UNGUARDED_AVAILABILITY = YES_AGGRESSIVE;
				CLANG_WARN_UNREACHABLE_CODE = YES;
				CLANG_WARN__DUPLICATE_METHOD_MATCH = YES;
				COPY_PHASE_STRIP = NO;
				DEBUG_INFORMATION_FORMAT = dwarf;
				ENABLE_STRICT_OBJC_MSGSEND = YES;
				ENABLE_TESTABILITY = YES;
				GCC_C_LANGUAGE_STANDARD = gnu11;
				GCC_DYNAMIC_NO_PIC = NO;
				GCC_NO_COMMON_BLOCKS = YES;
				GCC_OPTIMIZATION_LEVEL = 0;
				GCC_PREPROCESSOR_DEFINITIONS = (
					"DEBUG=1",
					"$(inherited)",
				);
				GCC_WARN_64_TO_32_BIT_CONVERSION = YES;
				GCC_WARN_ABOUT_RETURN_TYPE = YES_ERROR;
				GCC_WARN_UNDECLARED_SELECTOR = YES;
				GCC_WARN_UNINITIALIZED_AUTOS = YES_AGGRESSIVE;
				GCC_WARN_UNUSED_FUNCTION = YES;
				GCC_WARN_UNUSED_VARIABLE = YES;
				IPHONEOS_DEPLOYMENT_TARGET = 14.5;
				MTL_ENABLE_DEBUG_INFO = INCLUDE_SOURCE;
				MTL_FAST_MATH = YES;
				ONLY_ACTIVE_ARCH = YES;
				SDKROOT = iphoneos;
				SWIFT_ACTIVE_COMPILATION_CONDITIONS = DEBUG;
				SWIFT_OPTIMIZATION_LEVEL = "-Onone";
			};
			name = Debug;
		};
		C88E13DA26E975EB00D622AF /* Release */ = {
			isa = XCBuildConfiguration;
			buildSettings = {
				ALWAYS_SEARCH_USER_PATHS = NO;
				CLANG_ANALYZER_NONNULL = YES;
				CLANG_ANALYZER_NUMBER_OBJECT_CONVERSION = YES_AGGRESSIVE;
				CLANG_CXX_LANGUAGE_STANDARD = "gnu++14";
				CLANG_CXX_LIBRARY = "libc++";
				CLANG_ENABLE_MODULES = YES;
				CLANG_ENABLE_OBJC_ARC = YES;
				CLANG_ENABLE_OBJC_WEAK = YES;
				CLANG_WARN_BLOCK_CAPTURE_AUTORELEASING = YES;
				CLANG_WARN_BOOL_CONVERSION = YES;
				CLANG_WARN_COMMA = YES;
				CLANG_WARN_CONSTANT_CONVERSION = YES;
				CLANG_WARN_DEPRECATED_OBJC_IMPLEMENTATIONS = YES;
				CLANG_WARN_DIRECT_OBJC_ISA_USAGE = YES_ERROR;
				CLANG_WARN_DOCUMENTATION_COMMENTS = YES;
				CLANG_WARN_EMPTY_BODY = YES;
				CLANG_WARN_ENUM_CONVERSION = YES;
				CLANG_WARN_INFINITE_RECURSION = YES;
				CLANG_WARN_INT_CONVERSION = YES;
				CLANG_WARN_NON_LITERAL_NULL_CONVERSION = YES;
				CLANG_WARN_OBJC_IMPLICIT_RETAIN_SELF = YES;
				CLANG_WARN_OBJC_LITERAL_CONVERSION = YES;
				CLANG_WARN_OBJC_ROOT_CLASS = YES_ERROR;
				CLANG_WARN_QUOTED_INCLUDE_IN_FRAMEWORK_HEADER = YES;
				CLANG_WARN_RANGE_LOOP_ANALYSIS = YES;
				CLANG_WARN_STRICT_PROTOTYPES = YES;
				CLANG_WARN_SUSPICIOUS_MOVE = YES;
				CLANG_WARN_UNGUARDED_AVAILABILITY = YES_AGGRESSIVE;
				CLANG_WARN_UNREACHABLE_CODE = YES;
				CLANG_WARN__DUPLICATE_METHOD_MATCH = YES;
				COPY_PHASE_STRIP = NO;
				DEBUG_INFORMATION_FORMAT = "dwarf-with-dsym";
				ENABLE_NS_ASSERTIONS = NO;
				ENABLE_STRICT_OBJC_MSGSEND = YES;
				GCC_C_LANGUAGE_STANDARD = gnu11;
				GCC_NO_COMMON_BLOCKS = YES;
				GCC_WARN_64_TO_32_BIT_CONVERSION = YES;
				GCC_WARN_ABOUT_RETURN_TYPE = YES_ERROR;
				GCC_WARN_UNDECLARED_SELECTOR = YES;
				GCC_WARN_UNINITIALIZED_AUTOS = YES_AGGRESSIVE;
				GCC_WARN_UNUSED_FUNCTION = YES;
				GCC_WARN_UNUSED_VARIABLE = YES;
				IPHONEOS_DEPLOYMENT_TARGET = 14.5;
				MTL_ENABLE_DEBUG_INFO = NO;
				MTL_FAST_MATH = YES;
				SDKROOT = iphoneos;
				SWIFT_COMPILATION_MODE = wholemodule;
				SWIFT_OPTIMIZATION_LEVEL = "-O";
				VALIDATE_PRODUCT = YES;
			};
			name = Release;
		};
		C88E13DC26E975EB00D622AF /* Debug */ = {
			isa = XCBuildConfiguration;
			baseConfigurationReference = 9B8893AC2ED3EEED1CB26D5D /* Pods-paone.debug.xcconfig */;
			buildSettings = {
				ASSETCATALOG_COMPILER_APPICON_NAME = AppIcon;
				ASSETCATALOG_COMPILER_GLOBAL_ACCENT_COLOR_NAME = AccentColor;
				CODE_SIGN_STYLE = Automatic;
				DEVELOPMENT_ASSET_PATHS = "\"paone/Preview Content\"";
				DEVELOPMENT_TEAM = 43N8Z945R5;
				ENABLE_PREVIEWS = YES;
				INFOPLIST_FILE = paone/Info.plist;
				IPHONEOS_DEPLOYMENT_TARGET = 14.0;
				LD_RUNPATH_SEARCH_PATHS = (
					"$(inherited)",
					"@executable_path/Frameworks",
				);
				PRODUCT_BUNDLE_IDENTIFIER = patrickc410.paone;
				PRODUCT_NAME = "$(TARGET_NAME)";
				SWIFT_VERSION = 5.0;
				TARGETED_DEVICE_FAMILY = "1,2";
			};
			name = Debug;
		};
		C88E13DD26E975EB00D622AF /* Release */ = {
			isa = XCBuildConfiguration;
			baseConfigurationReference = EF60B1F3005BD7F663D4E390 /* Pods-paone.release.xcconfig */;
			buildSettings = {
				ASSETCATALOG_COMPILER_APPICON_NAME = AppIcon;
				ASSETCATALOG_COMPILER_GLOBAL_ACCENT_COLOR_NAME = AccentColor;
				CODE_SIGN_STYLE = Automatic;
				DEVELOPMENT_ASSET_PATHS = "\"paone/Preview Content\"";
				DEVELOPMENT_TEAM = 43N8Z945R5;
				ENABLE_PREVIEWS = YES;
				INFOPLIST_FILE = paone/Info.plist;
				IPHONEOS_DEPLOYMENT_TARGET = 14.0;
				LD_RUNPATH_SEARCH_PATHS = (
					"$(inherited)",
					"@executable_path/Frameworks",
				);
				PRODUCT_BUNDLE_IDENTIFIER = patrickc410.paone;
				PRODUCT_NAME = "$(TARGET_NAME)";
				SWIFT_VERSION = 5.0;
				TARGETED_DEVICE_FAMILY = "1,2";
			};
			name = Release;
		};
/* End XCBuildConfiguration section */

/* Begin XCConfigurationList section */
		C88E13C726E975E800D622AF /* Build configuration list for PBXProject "paone" */ = {
			isa = XCConfigurationList;
			buildConfigurations = (
				C88E13D926E975EB00D622AF /* Debug */,
				C88E13DA26E975EB00D622AF /* Release */,
			);
			defaultConfigurationIsVisible = 0;
			defaultConfigurationName = Release;
		};
		C88E13DB26E975EB00D622AF /* Build configuration list for PBXNativeTarget "paone" */ = {
			isa = XCConfigurationList;
			buildConfigurations = (
				C88E13DC26E975EB00D622AF /* Debug */,
				C88E13DD26E975EB00D622AF /* Release */,
			);
			defaultConfigurationIsVisible = 0;
			defaultConfigurationName = Release;
		};
/* End XCConfigurationList section */
	};
	rootObject = C88E13C426E975E800D622AF /* Project object */;
}
